// !$*UTF8*$!
{
	archiveVersion = 1;
	classes = {
	};
	objectVersion = 56;
	objects = {

/* Begin PBXBuildFile section */
		ACB6D0B62967FB9B00DF677F /* MyHabitAppApp.swift in Sources */ = {isa = PBXBuildFile; fileRef = ACB6D0B52967FB9B00DF677F /* MyHabitAppApp.swift */; };
		ACB6D0B82967FB9B00DF677F /* ContentView.swift in Sources */ = {isa = PBXBuildFile; fileRef = ACB6D0B72967FB9B00DF677F /* ContentView.swift */; };
		ACB6D0BA2967FB9C00DF677F /* Assets.xcassets in Resources */ = {isa = PBXBuildFile; fileRef = ACB6D0B92967FB9C00DF677F /* Assets.xcassets */; };
		ACB6D0BD2967FB9C00DF677F /* Preview Assets.xcassets in Resources */ = {isa = PBXBuildFile; fileRef = ACB6D0BC2967FB9C00DF677F /* Preview Assets.xcassets */; };
/* End PBXBuildFile section */

/* Begin PBXFileReference section */
		ACB6D0B22967FB9B00DF677F /* MyHabitApp.app */ = {isa = PBXFileReference; explicitFileType = wrapper.application; includeInIndex = 0; path = MyHabitApp.app; sourceTree = BUILT_PRODUCTS_DIR; };
		ACB6D0B52967FB9B00DF677F /* MyHabitAppApp.swift */ = {isa = PBXFileReference; lastKnownFileType = sourcecode.swift; path = MyHabitAppApp.swift; sourceTree = "<group>"; };
		ACB6D0B72967FB9B00DF677F /* ContentView.swift */ = {isa = PBXFileReference; lastKnownFileType = sourcecode.swift; path = ContentView.swift; sourceTree = "<group>"; };
		ACB6D0B92967FB9C00DF677F /* Assets.xcassets */ = {isa = PBXFileReference; lastKnownFileType = folder.assetcatalog; path = Assets.xcassets; sourceTree = "<group>"; };
		ACB6D0BC2967FB9C00DF677F /* Preview Assets.xcassets */ = {isa = PBXFileReference; lastKnownFileType = folder.assetcatalog; path = "Preview Assets.xcassets"; sourceTree = "<group>"; };
		ACB6D0C72967FFE900DF677F /* Laila-Bold.ttf */ = {isa = PBXFileReference; lastKnownFileType = file; path = "Laila-Bold.ttf"; sourceTree = "<group>"; };
		ACB6D0C82967FFE900DF677F /* Laila-Light.ttf */ = {isa = PBXFileReference; lastKnownFileType = file; path = "Laila-Light.ttf"; sourceTree = "<group>"; };
		ACB6D0C92967FFE900DF677F /* Laila-Medium.ttf */ = {isa = PBXFileReference; lastKnownFileType = file; path = "Laila-Medium.ttf"; sourceTree = "<group>"; };
		ACB6D0CA2967FFE900DF677F /* Laila-SemiBold.ttf */ = {isa = PBXFileReference; lastKnownFileType = file; path = "Laila-SemiBold.ttf"; sourceTree = "<group>"; };
		ACB6D0CB2967FFE900DF677F /* Laila-Regular.ttf */ = {isa = PBXFileReference; lastKnownFileType = file; path = "Laila-Regular.ttf"; sourceTree = "<group>"; };
		ACB6D0CC2968008000DF677F /* Info.plist */ = {isa = PBXFileReference; lastKnownFileType = text.plist; path = Info.plist; sourceTree = "<group>"; };
/* End PBXFileReference section */

/* Begin PBXFrameworksBuildPhase section */
		ACB6D0AF2967FB9B00DF677F /* Frameworks */ = {
			isa = PBXFrameworksBuildPhase;
			buildActionMask = 2147483647;
			files = (
			);
			runOnlyForDeploymentPostprocessing = 0;
		};
/* End PBXFrameworksBuildPhase section */

/* Begin PBXGroup section */
		ACB6D0A92967FB9B00DF677F = {
			isa = PBXGroup;
			children = (
				ACB6D0B42967FB9B00DF677F /* MyHabitApp */,
				ACB6D0B32967FB9B00DF677F /* Products */,
			);
			sourceTree = "<group>";
		};
		ACB6D0B32967FB9B00DF677F /* Products */ = {
			isa = PBXGroup;
			children = (
				ACB6D0B22967FB9B00DF677F /* MyHabitApp.app */,
			);
			name = Products;
			sourceTree = "<group>";
		};
		ACB6D0B42967FB9B00DF677F /* MyHabitApp */ = {
			isa = PBXGroup;
			children = (
				ACB6D0CC2968008000DF677F /* Info.plist */,
				ACB6D0C62967FEEC00DF677F /* Fonts */,
				ACB6D0C52967FEE300DF677F /* Model */,
				ACB6D0C42967FEDC00DF677F /* View */,
				ACB6D0B52967FB9B00DF677F /* MyHabitAppApp.swift */,
				ACB6D0B72967FB9B00DF677F /* ContentView.swift */,
				ACB6D0B92967FB9C00DF677F /* Assets.xcassets */,
				ACB6D0BB2967FB9C00DF677F /* Preview Content */,
			);
			path = MyHabitApp;
			sourceTree = "<group>";
		};
		ACB6D0BB2967FB9C00DF677F /* Preview Content */ = {
			isa = PBXGroup;
			children = (
				ACB6D0BC2967FB9C00DF677F /* Preview Assets.xcassets */,
			);
			path = "Preview Content";
			sourceTree = "<group>";
		};
		ACB6D0C42967FEDC00DF677F /* View */ = {
			isa = PBXGroup;
			children = (
			);
			path = View;
			sourceTree = "<group>";
		};
		ACB6D0C52967FEE300DF677F /* Model */ = {
			isa = PBXGroup;
			children = (
			);
			path = Model;
			sourceTree = "<group>";
		};
		ACB6D0C62967FEEC00DF677F /* Fonts */ = {
			isa = PBXGroup;
			children = (
				ACB6D0C72967FFE900DF677F /* Laila-Bold.ttf */,
				ACB6D0C82967FFE900DF677F /* Laila-Light.ttf */,
				ACB6D0C92967FFE900DF677F /* Laila-Medium.ttf */,
				ACB6D0CB2967FFE900DF677F /* Laila-Regular.ttf */,
				ACB6D0CA2967FFE900DF677F /* Laila-SemiBold.ttf */,
			);
			path = Fonts;
			sourceTree = "<group>";
		};
/* End PBXGroup section */

/* Begin PBXNativeTarget section */
		ACB6D0B12967FB9B00DF677F /* MyHabitApp */ = {
			isa = PBXNativeTarget;
			buildConfigurationList = ACB6D0C02967FB9C00DF677F /* Build configuration list for PBXNativeTarget "MyHabitApp" */;
			buildPhases = (
				ACB6D0AE2967FB9B00DF677F /* Sources */,
				ACB6D0AF2967FB9B00DF677F /* Frameworks */,
				ACB6D0B02967FB9B00DF677F /* Resources */,
			);
			buildRules = (
			);
			dependencies = (
			);
			name = MyHabitApp;
			productName = MyHabitApp;
			productReference = ACB6D0B22967FB9B00DF677F /* MyHabitApp.app */;
			productType = "com.apple.product-type.application";
		};
/* End PBXNativeTarget section */

/* Begin PBXProject section */
		ACB6D0AA2967FB9B00DF677F /* Project object */ = {
			isa = PBXProject;
			attributes = {
				BuildIndependentTargetsInParallel = 1;
				LastSwiftUpdateCheck = 1410;
				LastUpgradeCheck = 1410;
				TargetAttributes = {
					ACB6D0B12967FB9B00DF677F = {
						CreatedOnToolsVersion = 14.1;
					};
				};
			};
			buildConfigurationList = ACB6D0AD2967FB9B00DF677F /* Build configuration list for PBXProject "MyHabitApp" */;
			compatibilityVersion = "Xcode 14.0";
			developmentRegion = en;
			hasScannedForEncodings = 0;
			knownRegions = (
				en,
				Base,
			);
			mainGroup = ACB6D0A92967FB9B00DF677F;
			productRefGroup = ACB6D0B32967FB9B00DF677F /* Products */;
			projectDirPath = "";
			projectRoot = "";
			targets = (
				ACB6D0B12967FB9B00DF677F /* MyHabitApp */,
			);
		};
/* End PBXProject section */

/* Begin PBXResourcesBuildPhase section */
		ACB6D0B02967FB9B00DF677F /* Resources */ = {
			isa = PBXResourcesBuildPhase;
			buildActionMask = 2147483647;
			files = (
				ACB6D0BD2967FB9C00DF677F /* Preview Assets.xcassets in Resources */,
				ACB6D0BA2967FB9C00DF677F /* Assets.xcassets in Resources */,
			);
			runOnlyForDeploymentPostprocessing = 0;
		};
/* End PBXResourcesBuildPhase section */

/* Begin PBXSourcesBuildPhase section */
		ACB6D0AE2967FB9B00DF677F /* Sources */ = {
			isa = PBXSourcesBuildPhase;
			buildActionMask = 2147483647;
			files = (
				ACB6D0B82967FB9B00DF677F /* ContentView.swift in Sources */,
				ACB6D0B62967FB9B00DF677F /* MyHabitAppApp.swift in Sources */,
			);
			runOnlyForDeploymentPostprocessing = 0;
		};
/* End PBXSourcesBuildPhase section */

/* Begin XCBuildConfiguration section */
		ACB6D0BE2967FB9C00DF677F /* Debug */ = {
			isa = XCBuildConfiguration;
			buildSettings = {
				ALWAYS_SEARCH_USER_PATHS = NO;
				CLANG_ANALYZER_NONNULL = YES;
				CLANG_ANALYZER_NUMBER_OBJECT_CONVERSION = YES_AGGRESSIVE;
				CLANG_CXX_LANGUAGE_STANDARD = "gnu++20";
				CLANG_ENABLE_MODULES = YES;
				CLANG_ENABLE_OBJC_ARC = YES;
				CLANG_ENABLE_OBJC_WEAK = YES;
				CLANG_WARN_BLOCK_CAPTURE_AUTORELEASING = YES;
				CLANG_WARN_BOOL_CONVERSION = YES;
				CLANG_WARN_COMMA = YES;
				CLANG_WARN_CONSTANT_CONVERSION = YES;
				CLANG_WARN_DEPRECATED_OBJC_IMPLEMENTATIONS = YES;
				CLANG_WARN_DIRECT_OBJC_ISA_USAGE = YES_ERROR;
				CLANG_WARN_DOCUMENTATION_COMMENTS = YES;
				CLANG_WARN_EMPTY_BODY = YES;
				CLANG_WARN_ENUM_CONVERSION = YES;
				CLANG_WARN_INFINITE_RECURSION = YES;
				CLANG_WARN_INT_CONVERSION = YES;
				CLANG_WARN_NON_LITERAL_NULL_CONVERSION = YES;
				CLANG_WARN_OBJC_IMPLICIT_RETAIN_SELF = YES;
				CLANG_WARN_OBJC_LITERAL_CONVERSION = YES;
				CLANG_WARN_OBJC_ROOT_CLASS = YES_ERROR;
				CLANG_WARN_QUOTED_INCLUDE_IN_FRAMEWORK_HEADER = YES;
				CLANG_WARN_RANGE_LOOP_ANALYSIS = YES;
				CLANG_WARN_STRICT_PROTOTYPES = YES;
				CLANG_WARN_SUSPICIOUS_MOVE = YES;
				CLANG_WARN_UNGUARDED_AVAILABILITY = YES_AGGRESSIVE;
				CLANG_WARN_UNREACHABLE_CODE = YES;
				CLANG_WARN__DUPLICATE_METHOD_MATCH = YES;
				COPY_PHASE_STRIP = NO;
				DEBUG_INFORMATION_FORMAT = dwarf;
				ENABLE_STRICT_OBJC_MSGSEND = YES;
				ENABLE_TESTABILITY = YES;
				GCC_C_LANGUAGE_STANDARD = gnu11;
				GCC_DYNAMIC_NO_PIC = NO;
				GCC_NO_COMMON_BLOCKS = YES;
				GCC_OPTIMIZATION_LEVEL = 0;
				GCC_PREPROCESSOR_DEFINITIONS = (
					"DEBUG=1",
					"$(inherited)",
				);
				GCC_WARN_64_TO_32_BIT_CONVERSION = YES;
				GCC_WARN_ABOUT_RETURN_TYPE = YES_ERROR;
				GCC_WARN_UNDECLARED_SELECTOR = YES;
				GCC_WARN_UNINITIALIZED_AUTOS = YES_AGGRESSIVE;
				GCC_WARN_UNUSED_FUNCTION = YES;
				GCC_WARN_UNUSED_VARIABLE = YES;
				IPHONEOS_DEPLOYMENT_TARGET = 16.1;
				MTL_ENABLE_DEBUG_INFO = INCLUDE_SOURCE;
				MTL_FAST_MATH = YES;
				ONLY_ACTIVE_ARCH = YES;
				SDKROOT = iphoneos;
				SWIFT_ACTIVE_COMPILATION_CONDITIONS = DEBUG;
				SWIFT_OPTIMIZATION_LEVEL = "-Onone";
			};
			name = Debug;
		};
		ACB6D0BF2967FB9C00DF677F /* Release */ = {
			isa = XCBuildConfiguration;
			buildSettings = {
				ALWAYS_SEARCH_USER_PATHS = NO;
				CLANG_ANALYZER_NONNULL = YES;
				CLANG_ANALYZER_NUMBER_OBJECT_CONVERSION = YES_AGGRESSIVE;
				CLANG_CXX_LANGUAGE_STANDARD = "gnu++20";
				CLANG_ENABLE_MODULES = YES;
				CLANG_ENABLE_OBJC_ARC = YES;
				CLANG_ENABLE_OBJC_WEAK = YES;
				CLANG_WARN_BLOCK_CAPTURE_AUTORELEASING = YES;
				CLANG_WARN_BOOL_CONVERSION = YES;
				CLANG_WARN_COMMA = YES;
				CLANG_WARN_CONSTANT_CONVERSION = YES;
				CLANG_WARN_DEPRECATED_OBJC_IMPLEMENTATIONS = YES;
				CLANG_WARN_DIRECT_OBJC_ISA_USAGE = YES_ERROR;
				CLANG_WARN_DOCUMENTATION_COMMENTS = YES;
				CLANG_WARN_EMPTY_BODY = YES;
				CLANG_WARN_ENUM_CONVERSION = YES;
				CLANG_WARN_INFINITE_RECURSION = YES;
				CLANG_WARN_INT_CONVERSION = YES;
				CLANG_WARN_NON_LITERAL_NULL_CONVERSION = YES;
				CLANG_WARN_OBJC_IMPLICIT_RETAIN_SELF = YES;
				CLANG_WARN_OBJC_LITERAL_CONVERSION = YES;
				CLANG_WARN_OBJC_ROOT_CLASS = YES_ERROR;
				CLANG_WARN_QUOTED_INCLUDE_IN_FRAMEWORK_HEADER = YES;
				CLANG_WARN_RANGE_LOOP_ANALYSIS = YES;
				CLANG_WARN_STRICT_PROTOTYPES = YES;
				CLANG_WARN_SUSPICIOUS_MOVE = YES;
				CLANG_WARN_UNGUARDED_AVAILABILITY = YES_AGGRESSIVE;
				CLANG_WARN_UNREACHABLE_CODE = YES;
				CLANG_WARN__DUPLICATE_METHOD_MATCH = YES;
				COPY_PHASE_STRIP = NO;
				DEBUG_INFORMATION_FORMAT = "dwarf-with-dsym";
				ENABLE_NS_ASSERTIONS = NO;
				ENABLE_STRICT_OBJC_MSGSEND = YES;
				GCC_C_LANGUAGE_STANDARD = gnu11;
				GCC_NO_COMMON_BLOCKS = YES;
				GCC_WARN_64_TO_32_BIT_CONVERSION = YES;
				GCC_WARN_ABOUT_RETURN_TYPE = YES_ERROR;
				GCC_WARN_UNDECLARED_SELECTOR = YES;
				GCC_WARN_UNINITIALIZED_AUTOS = YES_AGGRESSIVE;
				GCC_WARN_UNUSED_FUNCTION = YES;
				GCC_WARN_UNUSED_VARIABLE = YES;
				IPHONEOS_DEPLOYMENT_TARGET = 16.1;
				MTL_ENABLE_DEBUG_INFO = NO;
				MTL_FAST_MATH = YES;
				SDKROOT = iphoneos;
				SWIFT_COMPILATION_MODE = wholemodule;
				SWIFT_OPTIMIZATION_LEVEL = "-O";
				VALIDATE_PRODUCT = YES;
			};
			name = Release;
		};
		ACB6D0C12967FB9C00DF677F /* Debug */ = {
			isa = XCBuildConfiguration;
			buildSettings = {
				ASSETCATALOG_COMPILER_APPICON_NAME = AppIcon;
				ASSETCATALOG_COMPILER_GLOBAL_ACCENT_COLOR_NAME = AccentColor;
				CODE_SIGN_STYLE = Automatic;
				CURRENT_PROJECT_VERSION = 1;
				DEVELOPMENT_ASSET_PATHS = "\"MyHabitApp/Preview Content\"";
				DEVELOPMENT_TEAM = LU893QGJWJ;
				ENABLE_PREVIEWS = YES;
				GENERATE_INFOPLIST_FILE = YES;
				INFOPLIST_FILE = MyHabitApp/Info.plist;
				INFOPLIST_KEY_UIApplicationSceneManifest_Generation = YES;
				INFOPLIST_KEY_UIApplicationSupportsIndirectInputEvents = YES;
				INFOPLIST_KEY_UILaunchScreen_Generation = YES;
				INFOPLIST_KEY_UISupportedInterfaceOrientations_iPad = "UIInterfaceOrientationPortrait UIInterfaceOrientationPortraitUpsideDown UIInterfaceOrientationLandscapeLeft UIInterfaceOrientationLandscapeRight";
				INFOPLIST_KEY_UISupportedInterfaceOrientations_iPhone = "UIInterfaceOrientationPortrait UIInterfaceOrientationLandscapeLeft UIInterfaceOrientationLandscapeRight";
				LD_RUNPATH_SEARCH_PATHS = (
					"$(inherited)",
					"@executable_path/Frameworks",
				);
				MARKETING_VERSION = 1.0;
				PRODUCT_BUNDLE_IDENTIFIER = Bhumika.MyHabitApp;
				PRODUCT_NAME = "$(TARGET_NAME)";
				SWIFT_EMIT_LOC_STRINGS = YES;
				SWIFT_VERSION = 5.0;
				TARGETED_DEVICE_FAMILY = "1,2";
			};
			name = Debug;
		};
		ACB6D0C22967FB9C00DF677F /* Release */ = {
			isa = XCBuildConfiguration;
			buildSettings = {
				ASSETCATALOG_COMPILER_APPICON_NAME = AppIcon;
				ASSETCATALOG_COMPILER_GLOBAL_ACCENT_COLOR_NAME = AccentColor;
				CODE_SIGN_STYLE = Automatic;
				CURRENT_PROJECT_VERSION = 1;
				DEVELOPMENT_ASSET_PATHS = "\"MyHabitApp/Preview Content\"";
				DEVELOPMENT_TEAM = LU893QGJWJ;
				ENABLE_PREVIEWS = YES;
				GENERATE_INFOPLIST_FILE = YES;
				INFOPLIST_FILE = MyHabitApp/Info.plist;
				INFOPLIST_KEY_UIApplicationSceneManifest_Generation = YES;
				INFOPLIST_KEY_UIApplicationSupportsIndirectInputEvents = YES;
				INFOPLIST_KEY_UILaunchScreen_Generation = YES;
				INFOPLIST_KEY_UISupportedInterfaceOrientations_iPad = "UIInterfaceOrientationPortrait UIInterfaceOrientationPortraitUpsideDown UIInterfaceOrientationLandscapeLeft UIInterfaceOrientationLandscapeRight";
				INFOPLIST_KEY_UISupportedInterfaceOrientations_iPhone = "UIInterfaceOrientationPortrait UIInterfaceOrientationLandscapeLeft UIInterfaceOrientationLandscapeRight";
				LD_RUNPATH_SEARCH_PATHS = (
					"$(inherited)",
					"@executable_path/Frameworks",
				);
				MARKETING_VERSION = 1.0;
				PRODUCT_BUNDLE_IDENTIFIER = Bhumika.MyHabitApp;
				PRODUCT_NAME = "$(TARGET_NAME)";
				SWIFT_EMIT_LOC_STRINGS = YES;
				SWIFT_VERSION = 5.0;
				TARGETED_DEVICE_FAMILY = "1,2";
			};
			name = Release;
		};
/* End XCBuildConfiguration section */

/* Begin XCConfigurationList section */
		ACB6D0AD2967FB9B00DF677F /* Build configuration list for PBXProject "MyHabitApp" */ = {
			isa = XCConfigurationList;
			buildConfigurations = (
				ACB6D0BE2967FB9C00DF677F /* Debug */,
				ACB6D0BF2967FB9C00DF677F /* Release */,
			);
			defaultConfigurationIsVisible = 0;
			defaultConfigurationName = Release;
		};
		ACB6D0C02967FB9C00DF677F /* Build configuration list for PBXNativeTarget "MyHabitApp" */ = {
			isa = XCConfigurationList;
			buildConfigurations = (
				ACB6D0C12967FB9C00DF677F /* Debug */,
				ACB6D0C22967FB9C00DF677F /* Release */,
			);
			defaultConfigurationIsVisible = 0;
			defaultConfigurationName = Release;
		};
/* End XCConfigurationList section */
	};
	rootObject = ACB6D0AA2967FB9B00DF677F /* Project object */;
}
